
Microsoft Visual Studio Solution File, Format Version 12.00
# Visual Studio Version 17
VisualStudioVersion = 17.0.31919.166
MinimumVisualStudioVersion = 10.0.40219.1
Project("{FAE04EC0-301F-11D3-BF4B-00C04F79EFBC}") = "FormProcess", "FormProcess\FormProcess.csproj", "{70FB4972-A4C9-4167-958D-0BBB84554C6B}"
EndProject
Global
	GlobalSection(SolutionConfigurationPlatforms) = preSolution
		Debug|Any CPU = Debug|Any CPU
		Release|Any CPU = Release|Any CPU
	EndGlobalSection
	GlobalSection(ProjectConfigurationPlatforms) = postSolution
		{70FB4972-A4C9-4167-958D-0BBB84554C6B}.Debug|Any CPU.ActiveCfg = Debug|Any CPU
		{70FB4972-A4C9-4167-958D-0BBB84554C6B}.Debug|Any CPU.Build.0 = Debug|Any CPU
		{70FB4972-A4C9-4167-958D-0BBB84554C6B}.Release|Any CPU.ActiveCfg = Release|Any CPU
		{70FB4972-A4C9-4167-958D-0BBB84554C6B}.Release|Any CPU.Build.0 = Release|Any CPU
	EndGlobalSection
	GlobalSection(SolutionProperties) = preSolution
		HideSolutionNode = FALSE
	EndGlobalSection
	GlobalSection(ExtensibilityGlobals) = postSolution
		SolutionGuid = {CAE38D67-CB96-4DBF-AB35-F717DE388A66}
	EndGlobalSection
EndGlobal
